github.com/be-edu/weather-1 v0.0.0-20220504073144-660bcdb7a555 h1:YBf2bHHU3W7I4MIBDjbmynKUxfXy+UzdXRV+lJTtzvw=
github.com/be-edu/weather-1 v0.0.0-20220504073144-660bcdb7a555/go.mod h1:eVdQ3FAQuLVVMpMAy+/iZjzavoHLaZYNs0E0br8rApo=
github.com/be-edu/weather-1 v0.0.0-20220504081541-75d0662a6b40 h1:TRhc+ZH+uhVYwbgfVvmAE0Wa2ACJovqdni1dWuaAAoA=
github.com/be-edu/weather-1 v0.0.0-20220504081541-75d0662a6b40/go.mod h1:eVdQ3FAQuLVVMpMAy+/iZjzavoHLaZYNs0E0br8rApo=
